<?xml version="1.0" encoding="utf-8"?>
<Project ToolsVersion="4.0" xmlns="http://schemas.microsoft.com/developer/msbuild/2003">
  <ItemGroup>
    <Filter Include="Source Files">
      <UniqueIdentifier>{4FC737F1-C7A5-4376-A066-2A32D752A2FF}</UniqueIdentifier>
      <Extensions>cpp;c;cc;cxx;def;odl;idl;hpj;bat;asm;asmx</Extensions>
    </Filter>
    <Filter Include="Header Files">
      <UniqueIdentifier>{93995380-89BD-4b04-88EB-625FBE52EBFB}</UniqueIdentifier>
      <Extensions>h;hpp;hxx;hm;inl;inc;xsd</Extensions>
    </Filter>
    <Filter Include="Resource Files">
      <UniqueIdentifier>{67DA6AB6-F800-4c08-8B7A-83BB121AAD01}</UniqueIdentifier>
      <Extensions>rc;ico;cur;bmp;dlg;rc2;rct;bin;rgs;gif;jpg;jpeg;jpe;resx;tiff;tif;png;wav;mfcribbon-ms</Extensions>
    </Filter>
    <Filter Include="Source Files\Common">
      <UniqueIdentifier>{322f2ed6-ef8d-4193-b4fb-6d10d2e592e2}</UniqueIdentifier>
    </Filter>
    <Filter Include="Source Files\Common\Exceptions">
      <UniqueIdentifier>{c305dade-f42d-4152-88d3-fcc32d936fd0}</UniqueIdentifier>
    </Filter>
    <Filter Include="Source Files\Common\Types">
      <UniqueIdentifier>{65e0cf41-8ff1-4c90-bbe2-2b4c7a88d4d8}</UniqueIdentifier>
    </Filter>
    <Filter Include="Source Files\Common\Types\Note">
      <UniqueIdentifier>{e465108d-b1bd-44c3-8d29-47d56be305f0}</UniqueIdentifier>
    </Filter>
    <Filter Include="Source Files\Common\Types\Instrument">
      <UniqueIdentifier>{fe7bfbe6-2a30-4737-ba23-f0abab01e4b3}</UniqueIdentifier>
    </Filter>
    <Filter Include="Source Files\Common\Types\Instrument\Guitar">
      <UniqueIdentifier>{9512f52e-1f4b-4a6f-9282-a2f59abf87e7}</UniqueIdentifier>
    </Filter>
    <Filter Include="Header Files\Exceptions">
      <UniqueIdentifier>{67a9fc77-429c-4842-834d-864994cd04ae}</UniqueIdentifier>
    </Filter>
    <Filter Include="Header Files\Types">
      <UniqueIdentifier>{36ab73f1-f0e7-4527-96f8-9c66a581d37f}</UniqueIdentifier>
    </Filter>
    <Filter Include="Header Files\Types\Intrument">
      <UniqueIdentifier>{7ad5e76d-0423-4cca-b307-4fcbd8a3c7f8}</UniqueIdentifier>
    </Filter>
    <Filter Include="Header Files\Types\Intrument\Guitar">
      <UniqueIdentifier>{a793c63f-a9ff-4687-8c22-6dd04f84d027}</UniqueIdentifier>
    </Filter>
    <Filter Include="Header Files\Types\Note">
      <UniqueIdentifier>{3de81a15-affb-42ab-96e1-f2aeddfa731f}</UniqueIdentifier>
    </Filter>
  </ItemGroup>
  <ItemGroup>
    <Text Include="ReadMe.txt" />
  </ItemGroup>
  <ItemGroup>
    <ClInclude Include="stdafx.h">
      <Filter>Header Files</Filter>
    </ClInclude>
    <ClInclude Include="targetver.h">
      <Filter>Header Files</Filter>
    </ClInclude>
    <ClInclude Include="Resource.h">
      <Filter>Header Files</Filter>
    </ClInclude>
    <ClInclude Include="Arias.h">
      <Filter>Header Files</Filter>
    </ClInclude>
    <ClInclude Include="..\..\Common\Types\Note\NoteInterval.h">
      <Filter>Header Files\Types\Note</Filter>
    </ClInclude>
    <ClInclude Include="..\..\Common\Exceptions\InvalidNoteException.h">
      <Filter>Header Files\Exceptions</Filter>
    </ClInclude>
  </ItemGroup>
  <ItemGroup>
    <ClCompile Include="stdafx.cpp">
      <Filter>Source Files</Filter>
    </ClCompile>
    <ClCompile Include="Arias.cpp">
      <Filter>Source Files</Filter>
    </ClCompile>
    <ClCompile Include="..\..\Common\Types\Note\NoteInterval.cpp">
      <Filter>Source Files\Common\Types\Note</Filter>
    </ClCompile>
  </ItemGroup>
  <ItemGroup>
    <ResourceCompile Include="Arias.rc">
      <Filter>Resource Files</Filter>
    </ResourceCompile>
  </ItemGroup>
  <ItemGroup>
    <Image Include="small.ico">
      <Filter>Resource Files</Filter>
    </Image>
    <Image Include="Arias.ico">
      <Filter>Resource Files</Filter>
    </Image>
  </ItemGroup>
</Project>